// !$*UTF8*$!
{
	archiveVersion = 1;
	classes = {
	};
	objectVersion = 50;
	objects = {

/* Begin PBXBuildFile section */
		861B439A22EDB44400081CF7 /* AppDelegate.swift in Sources */ = {isa = PBXBuildFile; fileRef = 861B439922EDB44400081CF7 /* AppDelegate.swift */; };
		861B439C22EDB44400081CF7 /* ViewController.swift in Sources */ = {isa = PBXBuildFile; fileRef = 861B439B22EDB44400081CF7 /* ViewController.swift */; };
		861B439F22EDB44400081CF7 /* Main.storyboard in Resources */ = {isa = PBXBuildFile; fileRef = 861B439D22EDB44400081CF7 /* Main.storyboard */; };
		861B43A122EDB44600081CF7 /* Assets.xcassets in Resources */ = {isa = PBXBuildFile; fileRef = 861B43A022EDB44600081CF7 /* Assets.xcassets */; };
		861B43A422EDB44600081CF7 /* LaunchScreen.storyboard in Resources */ = {isa = PBXBuildFile; fileRef = 861B43A222EDB44600081CF7 /* LaunchScreen.storyboard */; };
		861D621922FBA25D00C4CC26 /* HourlyEmployeeType.swift in Sources */ = {isa = PBXBuildFile; fileRef = 861D621822FBA25D00C4CC26 /* HourlyEmployeeType.swift */; };
		861D621C22FBA2C900C4CC26 /* InformationError.swift in Sources */ = {isa = PBXBuildFile; fileRef = 861D621B22FBA2C900C4CC26 /* InformationError.swift */; };
		861D621E22FBA37D00C4CC26 /* EntrantInformation.swift in Sources */ = {isa = PBXBuildFile; fileRef = 861D621D22FBA37D00C4CC26 /* EntrantInformation.swift */; };
		861D622122FBA3D200C4CC26 /* Discount.swift in Sources */ = {isa = PBXBuildFile; fileRef = 861D622022FBA3D200C4CC26 /* Discount.swift */; };
		861D622322FBA40B00C4CC26 /* RideAccessType.swift in Sources */ = {isa = PBXBuildFile; fileRef = 861D622222FBA40B00C4CC26 /* RideAccessType.swift */; };
		861D622522FBA44700C4CC26 /* Pass.swift in Sources */ = {isa = PBXBuildFile; fileRef = 861D622422FBA44700C4CC26 /* Pass.swift */; };
		861D622922FBA4DA00C4CC26 /* Entrant.swift in Sources */ = {isa = PBXBuildFile; fileRef = 861D622822FBA4DA00C4CC26 /* Entrant.swift */; };
		861D622B22FBA52300C4CC26 /* Area.swift in Sources */ = {isa = PBXBuildFile; fileRef = 861D622A22FBA52300C4CC26 /* Area.swift */; };
		861D622D22FBA5B500C4CC26 /* ClassicGuest.swift in Sources */ = {isa = PBXBuildFile; fileRef = 861D622C22FBA5B500C4CC26 /* ClassicGuest.swift */; };
		861D622F22FBA5F200C4CC26 /* VIPGuest.swift in Sources */ = {isa = PBXBuildFile; fileRef = 861D622E22FBA5F200C4CC26 /* VIPGuest.swift */; };
		861D623122FBA61300C4CC26 /* FreeChildGuest.swift in Sources */ = {isa = PBXBuildFile; fileRef = 861D623022FBA61300C4CC26 /* FreeChildGuest.swift */; };
		861D623322FBA66700C4CC26 /* HourlyEmployee.swift in Sources */ = {isa = PBXBuildFile; fileRef = 861D623222FBA66700C4CC26 /* HourlyEmployee.swift */; };
		861D623522FBA6BA00C4CC26 /* ManagementTier.swift in Sources */ = {isa = PBXBuildFile; fileRef = 861D623422FBA6BA00C4CC26 /* ManagementTier.swift */; };
		861D623722FBA6E200C4CC26 /* Manager.swift in Sources */ = {isa = PBXBuildFile; fileRef = 861D623622FBA6E200C4CC26 /* Manager.swift */; };
		8626649323265F800076060F /* PassTesterViewController.swift in Sources */ = {isa = PBXBuildFile; fileRef = 8626649223265F800076060F /* PassTesterViewController.swift */; };
		86344B802318A54600A07184 /* ProjectDataSource.swift in Sources */ = {isa = PBXBuildFile; fileRef = 86344B7F2318A54600A07184 /* ProjectDataSource.swift */; };
		863D9DB6231BF51E0060CB36 /* EntrantSubTypeButton.swift in Sources */ = {isa = PBXBuildFile; fileRef = 863D9DB5231BF51E0060CB36 /* EntrantSubTypeButton.swift */; };
		863D9DB8231BF6FA0060CB36 /* EntrantSubType.swift in Sources */ = {isa = PBXBuildFile; fileRef = 863D9DB7231BF6FA0060CB36 /* EntrantSubType.swift */; };
		8655269F2327058900DFF66D /* PassType.swift in Sources */ = {isa = PBXBuildFile; fileRef = 8655269E2327058900DFF66D /* PassType.swift */; };
		866461A32323CB8F00051600 /* Extensions.swift in Sources */ = {isa = PBXBuildFile; fileRef = 866461A22323CB8F00051600 /* Extensions.swift */; };
		866461A52324715C00051600 /* Field.swift in Sources */ = {isa = PBXBuildFile; fileRef = 866461A42324715C00051600 /* Field.swift */; };
		866461A7232471B400051600 /* EntrantType.swift in Sources */ = {isa = PBXBuildFile; fileRef = 866461A6232471B400051600 /* EntrantType.swift */; };
		8664B15C2315F7EF00654B61 /* TestManager.swift in Sources */ = {isa = PBXBuildFile; fileRef = 8664B15B2315F7EF00654B61 /* TestManager.swift */; };
		86901F51231EFD2E001ECD69 /* PassanCodeTemp.swift in Sources */ = {isa = PBXBuildFile; fileRef = 86901F50231EFD2E001ECD69 /* PassanCodeTemp.swift */; };
		86901F53231F2821001ECD69 /* InputValidation.swift in Sources */ = {isa = PBXBuildFile; fileRef = 86901F52231F2821001ECD69 /* InputValidation.swift */; };
		86BB27D7230D4BC200AF8802 /* Checkpoint.swift in Sources */ = {isa = PBXBuildFile; fileRef = 86BB27D6230D4BC200AF8802 /* Checkpoint.swift */; };
		86C26DC12318A6480042FA99 /* VendorCompanyDataSource.swift in Sources */ = {isa = PBXBuildFile; fileRef = 86C26DC02318A6480042FA99 /* VendorCompanyDataSource.swift */; };
		86C26DC32318A6890042FA99 /* VendorCompany.swift in Sources */ = {isa = PBXBuildFile; fileRef = 86C26DC22318A6890042FA99 /* VendorCompany.swift */; };
		86C26DC52318A6D40042FA99 /* Contractor.swift in Sources */ = {isa = PBXBuildFile; fileRef = 86C26DC42318A6D40042FA99 /* Contractor.swift */; };
		86C26DC72318A82D0042FA99 /* Vendor.swift in Sources */ = {isa = PBXBuildFile; fileRef = 86C26DC62318A82D0042FA99 /* Vendor.swift */; };
		86C26DC92318AAE60042FA99 /* SeasonPassGuest.swift in Sources */ = {isa = PBXBuildFile; fileRef = 86C26DC82318AAE60042FA99 /* SeasonPassGuest.swift */; };
		86C26DCB2318AB0D0042FA99 /* SeniorGuest.swift in Sources */ = {isa = PBXBuildFile; fileRef = 86C26DCA2318AB0D0042FA99 /* SeniorGuest.swift */; };
/* End PBXBuildFile section */

/* Begin PBXFileReference section */
		861B439622EDB44400081CF7 /* AmusementParkPassGenerator.app */ = {isa = PBXFileReference; explicitFileType = wrapper.application; includeInIndex = 0; path = AmusementParkPassGenerator.app; sourceTree = BUILT_PRODUCTS_DIR; };
		861B439922EDB44400081CF7 /* AppDelegate.swift */ = {isa = PBXFileReference; lastKnownFileType = sourcecode.swift; path = AppDelegate.swift; sourceTree = "<group>"; };
		861B439B22EDB44400081CF7 /* ViewController.swift */ = {isa = PBXFileReference; lastKnownFileType = sourcecode.swift; path = ViewController.swift; sourceTree = "<group>"; };
		861B439E22EDB44400081CF7 /* Base */ = {isa = PBXFileReference; lastKnownFileType = file.storyboard; name = Base; path = Base.lproj/Main.storyboard; sourceTree = "<group>"; };
		861B43A022EDB44600081CF7 /* Assets.xcassets */ = {isa = PBXFileReference; lastKnownFileType = folder.assetcatalog; path = Assets.xcassets; sourceTree = "<group>"; };
		861B43A322EDB44600081CF7 /* Base */ = {isa = PBXFileReference; lastKnownFileType = file.storyboard; name = Base; path = Base.lproj/LaunchScreen.storyboard; sourceTree = "<group>"; };
		861B43A522EDB44600081CF7 /* Info.plist */ = {isa = PBXFileReference; lastKnownFileType = text.plist.xml; path = Info.plist; sourceTree = "<group>"; };
		861D621822FBA25D00C4CC26 /* HourlyEmployeeType.swift */ = {isa = PBXFileReference; lastKnownFileType = sourcecode.swift; path = HourlyEmployeeType.swift; sourceTree = "<group>"; };
		861D621B22FBA2C900C4CC26 /* InformationError.swift */ = {isa = PBXFileReference; lastKnownFileType = sourcecode.swift; path = InformationError.swift; sourceTree = "<group>"; };
		861D621D22FBA37D00C4CC26 /* EntrantInformation.swift */ = {isa = PBXFileReference; lastKnownFileType = sourcecode.swift; path = EntrantInformation.swift; sourceTree = "<group>"; };
		861D622022FBA3D200C4CC26 /* Discount.swift */ = {isa = PBXFileReference; lastKnownFileType = sourcecode.swift; path = Discount.swift; sourceTree = "<group>"; };
		861D622222FBA40B00C4CC26 /* RideAccessType.swift */ = {isa = PBXFileReference; lastKnownFileType = sourcecode.swift; path = RideAccessType.swift; sourceTree = "<group>"; };
		861D622422FBA44700C4CC26 /* Pass.swift */ = {isa = PBXFileReference; lastKnownFileType = sourcecode.swift; path = Pass.swift; sourceTree = "<group>"; };
		861D622822FBA4DA00C4CC26 /* Entrant.swift */ = {isa = PBXFileReference; lastKnownFileType = sourcecode.swift; path = Entrant.swift; sourceTree = "<group>"; };
		861D622A22FBA52300C4CC26 /* Area.swift */ = {isa = PBXFileReference; lastKnownFileType = sourcecode.swift; path = Area.swift; sourceTree = "<group>"; };
		861D622C22FBA5B500C4CC26 /* ClassicGuest.swift */ = {isa = PBXFileReference; lastKnownFileType = sourcecode.swift; path = ClassicGuest.swift; sourceTree = "<group>"; };
		861D622E22FBA5F200C4CC26 /* VIPGuest.swift */ = {isa = PBXFileReference; lastKnownFileType = sourcecode.swift; path = VIPGuest.swift; sourceTree = "<group>"; };
		861D623022FBA61300C4CC26 /* FreeChildGuest.swift */ = {isa = PBXFileReference; lastKnownFileType = sourcecode.swift; path = FreeChildGuest.swift; sourceTree = "<group>"; };
		861D623222FBA66700C4CC26 /* HourlyEmployee.swift */ = {isa = PBXFileReference; lastKnownFileType = sourcecode.swift; path = HourlyEmployee.swift; sourceTree = "<group>"; };
		861D623422FBA6BA00C4CC26 /* ManagementTier.swift */ = {isa = PBXFileReference; lastKnownFileType = sourcecode.swift; path = ManagementTier.swift; sourceTree = "<group>"; };
		861D623622FBA6E200C4CC26 /* Manager.swift */ = {isa = PBXFileReference; lastKnownFileType = sourcecode.swift; path = Manager.swift; sourceTree = "<group>"; };
		8626649223265F800076060F /* PassTesterViewController.swift */ = {isa = PBXFileReference; lastKnownFileType = sourcecode.swift; path = PassTesterViewController.swift; sourceTree = "<group>"; };
		86344B7F2318A54600A07184 /* ProjectDataSource.swift */ = {isa = PBXFileReference; lastKnownFileType = sourcecode.swift; path = ProjectDataSource.swift; sourceTree = "<group>"; };
		863D9DB5231BF51E0060CB36 /* EntrantSubTypeButton.swift */ = {isa = PBXFileReference; lastKnownFileType = sourcecode.swift; path = EntrantSubTypeButton.swift; sourceTree = "<group>"; };
		863D9DB7231BF6FA0060CB36 /* EntrantSubType.swift */ = {isa = PBXFileReference; lastKnownFileType = sourcecode.swift; path = EntrantSubType.swift; sourceTree = "<group>"; };
		8655269E2327058900DFF66D /* PassType.swift */ = {isa = PBXFileReference; lastKnownFileType = sourcecode.swift; path = PassType.swift; sourceTree = "<group>"; };
		866461A22323CB8F00051600 /* Extensions.swift */ = {isa = PBXFileReference; lastKnownFileType = sourcecode.swift; path = Extensions.swift; sourceTree = "<group>"; };
		866461A42324715C00051600 /* Field.swift */ = {isa = PBXFileReference; lastKnownFileType = sourcecode.swift; path = Field.swift; sourceTree = "<group>"; };
		866461A6232471B400051600 /* EntrantType.swift */ = {isa = PBXFileReference; lastKnownFileType = sourcecode.swift; path = EntrantType.swift; sourceTree = "<group>"; };
		8664B15B2315F7EF00654B61 /* TestManager.swift */ = {isa = PBXFileReference; lastKnownFileType = sourcecode.swift; path = TestManager.swift; sourceTree = "<group>"; };
		86901F50231EFD2E001ECD69 /* PassanCodeTemp.swift */ = {isa = PBXFileReference; lastKnownFileType = sourcecode.swift; path = PassanCodeTemp.swift; sourceTree = "<group>"; };
		86901F52231F2821001ECD69 /* InputValidation.swift */ = {isa = PBXFileReference; lastKnownFileType = sourcecode.swift; path = InputValidation.swift; sourceTree = "<group>"; };
		86BB27D6230D4BC200AF8802 /* Checkpoint.swift */ = {isa = PBXFileReference; lastKnownFileType = sourcecode.swift; path = Checkpoint.swift; sourceTree = "<group>"; };
		86C26DC02318A6480042FA99 /* VendorCompanyDataSource.swift */ = {isa = PBXFileReference; lastKnownFileType = sourcecode.swift; path = VendorCompanyDataSource.swift; sourceTree = "<group>"; };
		86C26DC22318A6890042FA99 /* VendorCompany.swift */ = {isa = PBXFileReference; lastKnownFileType = sourcecode.swift; path = VendorCompany.swift; sourceTree = "<group>"; };
		86C26DC42318A6D40042FA99 /* Contractor.swift */ = {isa = PBXFileReference; lastKnownFileType = sourcecode.swift; path = Contractor.swift; sourceTree = "<group>"; };
		86C26DC62318A82D0042FA99 /* Vendor.swift */ = {isa = PBXFileReference; lastKnownFileType = sourcecode.swift; path = Vendor.swift; sourceTree = "<group>"; };
		86C26DC82318AAE60042FA99 /* SeasonPassGuest.swift */ = {isa = PBXFileReference; lastKnownFileType = sourcecode.swift; path = SeasonPassGuest.swift; sourceTree = "<group>"; };
		86C26DCA2318AB0D0042FA99 /* SeniorGuest.swift */ = {isa = PBXFileReference; lastKnownFileType = sourcecode.swift; path = SeniorGuest.swift; sourceTree = "<group>"; };
/* End PBXFileReference section */

/* Begin PBXFrameworksBuildPhase section */
		861B439322EDB44400081CF7 /* Frameworks */ = {
			isa = PBXFrameworksBuildPhase;
			buildActionMask = 2147483647;
			files = (
			);
			runOnlyForDeploymentPostprocessing = 0;
		};
/* End PBXFrameworksBuildPhase section */

/* Begin PBXGroup section */
		861B438D22EDB44300081CF7 = {
			isa = PBXGroup;
			children = (
				861B439822EDB44400081CF7 /* AmusementParkPassGenerator */,
				861B439722EDB44400081CF7 /* Products */,
			);
			sourceTree = "<group>";
		};
		861B439722EDB44400081CF7 /* Products */ = {
			isa = PBXGroup;
			children = (
				861B439622EDB44400081CF7 /* AmusementParkPassGenerator.app */,
			);
			name = Products;
			sourceTree = "<group>";
		};
		861B439822EDB44400081CF7 /* AmusementParkPassGenerator */ = {
			isa = PBXGroup;
			children = (
				861B439922EDB44400081CF7 /* AppDelegate.swift */,
				861B439D22EDB44400081CF7 /* Main.storyboard */,
				86901F52231F2821001ECD69 /* InputValidation.swift */,
				86901F50231EFD2E001ECD69 /* PassanCodeTemp.swift */,
				863D9DB3231BF3590060CB36 /* Controller */,
				863D9DB4231BF4F10060CB36 /* View */,
				861D621622FBA22600C4CC26 /* Model */,
				861B43A022EDB44600081CF7 /* Assets.xcassets */,
				861B43A222EDB44600081CF7 /* LaunchScreen.storyboard */,
				861B43A522EDB44600081CF7 /* Info.plist */,
			);
			path = AmusementParkPassGenerator;
			sourceTree = "<group>";
		};
		861D621622FBA22600C4CC26 /* Model */ = {
			isa = PBXGroup;
			children = (
				861D621722FBA23400C4CC26 /* Entrant */,
				86344B7E2318A51900A07184 /* DataSource */,
				861D621F22FBA3BF00C4CC26 /* Pass */,
				86BB27D5230D4BAB00AF8802 /* Checkpoint */,
				861D621A22FBA2A400C4CC26 /* Error */,
			);
			path = Model;
			sourceTree = "<group>";
		};
		861D621722FBA23400C4CC26 /* Entrant */ = {
			isa = PBXGroup;
			children = (
				861D622822FBA4DA00C4CC26 /* Entrant.swift */,
				861D621D22FBA37D00C4CC26 /* EntrantInformation.swift */,
				863D9DAE231BCBFF0060CB36 /* Guest */,
				863D9DAF231BCC5E0060CB36 /* Employee */,
				863D9DB0231BCDC10060CB36 /* Manager */,
				863D9DB1231BCE000060CB36 /* Contractor */,
				863D9DB2231BCE160060CB36 /* Vendor */,
			);
			path = Entrant;
			sourceTree = "<group>";
		};
		861D621A22FBA2A400C4CC26 /* Error */ = {
			isa = PBXGroup;
			children = (
				861D621B22FBA2C900C4CC26 /* InformationError.swift */,
			);
			path = Error;
			sourceTree = "<group>";
		};
		861D621F22FBA3BF00C4CC26 /* Pass */ = {
			isa = PBXGroup;
			children = (
				861D622422FBA44700C4CC26 /* Pass.swift */,
				8655269E2327058900DFF66D /* PassType.swift */,
				861D622A22FBA52300C4CC26 /* Area.swift */,
				861D622022FBA3D200C4CC26 /* Discount.swift */,
				861D622222FBA40B00C4CC26 /* RideAccessType.swift */,
			);
			path = Pass;
			sourceTree = "<group>";
		};
		86344B7E2318A51900A07184 /* DataSource */ = {
			isa = PBXGroup;
			children = (
				86344B7F2318A54600A07184 /* ProjectDataSource.swift */,
				86C26DC02318A6480042FA99 /* VendorCompanyDataSource.swift */,
			);
			path = DataSource;
			sourceTree = "<group>";
		};
		863D9DAE231BCBFF0060CB36 /* Guest */ = {
			isa = PBXGroup;
			children = (
				861D623022FBA61300C4CC26 /* FreeChildGuest.swift */,
				861D622C22FBA5B500C4CC26 /* ClassicGuest.swift */,
				86C26DCA2318AB0D0042FA99 /* SeniorGuest.swift */,
				861D622E22FBA5F200C4CC26 /* VIPGuest.swift */,
				86C26DC82318AAE60042FA99 /* SeasonPassGuest.swift */,
			);
			path = Guest;
			sourceTree = "<group>";
		};
		863D9DAF231BCC5E0060CB36 /* Employee */ = {
			isa = PBXGroup;
			children = (
				861D623222FBA66700C4CC26 /* HourlyEmployee.swift */,
				861D621822FBA25D00C4CC26 /* HourlyEmployeeType.swift */,
			);
			path = Employee;
			sourceTree = "<group>";
		};
		863D9DB0231BCDC10060CB36 /* Manager */ = {
			isa = PBXGroup;
			children = (
				861D623622FBA6E200C4CC26 /* Manager.swift */,
				861D623422FBA6BA00C4CC26 /* ManagementTier.swift */,
			);
			path = Manager;
			sourceTree = "<group>";
		};
		863D9DB1231BCE000060CB36 /* Contractor */ = {
			isa = PBXGroup;
			children = (
				86C26DC42318A6D40042FA99 /* Contractor.swift */,
			);
			path = Contractor;
			sourceTree = "<group>";
		};
		863D9DB2231BCE160060CB36 /* Vendor */ = {
			isa = PBXGroup;
			children = (
				86C26DC62318A82D0042FA99 /* Vendor.swift */,
				86C26DC22318A6890042FA99 /* VendorCompany.swift */,
			);
			path = Vendor;
			sourceTree = "<group>";
		};
		863D9DB3231BF3590060CB36 /* Controller */ = {
			isa = PBXGroup;
			children = (
				861B439B22EDB44400081CF7 /* ViewController.swift */,
				8626649223265F800076060F /* PassTesterViewController.swift */,
				8664B15B2315F7EF00654B61 /* TestManager.swift */,
			);
			path = Controller;
			sourceTree = "<group>";
		};
		863D9DB4231BF4F10060CB36 /* View */ = {
			isa = PBXGroup;
			children = (
				863D9DB5231BF51E0060CB36 /* EntrantSubTypeButton.swift */,
				863D9DB7231BF6FA0060CB36 /* EntrantSubType.swift */,
				866461A6232471B400051600 /* EntrantType.swift */,
				866461A42324715C00051600 /* Field.swift */,
				866461A22323CB8F00051600 /* Extensions.swift */,
			);
			path = View;
			sourceTree = "<group>";
		};
		86BB27D5230D4BAB00AF8802 /* Checkpoint */ = {
			isa = PBXGroup;
			children = (
				86BB27D6230D4BC200AF8802 /* Checkpoint.swift */,
			);
			path = Checkpoint;
			sourceTree = "<group>";
		};
/* End PBXGroup section */

/* Begin PBXNativeTarget section */
		861B439522EDB44400081CF7 /* AmusementParkPassGenerator */ = {
			isa = PBXNativeTarget;
			buildConfigurationList = 861B43A822EDB44600081CF7 /* Build configuration list for PBXNativeTarget "AmusementParkPassGenerator" */;
			buildPhases = (
				861B439222EDB44400081CF7 /* Sources */,
				861B439322EDB44400081CF7 /* Frameworks */,
				861B439422EDB44400081CF7 /* Resources */,
			);
			buildRules = (
			);
			dependencies = (
			);
			name = AmusementParkPassGenerator;
			productName = AmusementParkPassGenerator;
			productReference = 861B439622EDB44400081CF7 /* AmusementParkPassGenerator.app */;
			productType = "com.apple.product-type.application";
		};
/* End PBXNativeTarget section */

/* Begin PBXProject section */
		861B438E22EDB44300081CF7 /* Project object */ = {
			isa = PBXProject;
			attributes = {
				LastSwiftUpdateCheck = 1020;
				LastUpgradeCheck = 1020;
				ORGANIZATIONNAME = "Gavin Butler";
				TargetAttributes = {
					861B439522EDB44400081CF7 = {
						CreatedOnToolsVersion = 10.2.1;
					};
				};
			};
			buildConfigurationList = 861B439122EDB44300081CF7 /* Build configuration list for PBXProject "AmusementParkPassGenerator" */;
			compatibilityVersion = "Xcode 9.3";
			developmentRegion = en;
			hasScannedForEncodings = 0;
			knownRegions = (
				en,
				Base,
			);
			mainGroup = 861B438D22EDB44300081CF7;
			productRefGroup = 861B439722EDB44400081CF7 /* Products */;
			projectDirPath = "";
			projectRoot = "";
			targets = (
				861B439522EDB44400081CF7 /* AmusementParkPassGenerator */,
			);
		};
/* End PBXProject section */

/* Begin PBXResourcesBuildPhase section */
		861B439422EDB44400081CF7 /* Resources */ = {
			isa = PBXResourcesBuildPhase;
			buildActionMask = 2147483647;
			files = (
				861B43A422EDB44600081CF7 /* LaunchScreen.storyboard in Resources */,
				861B43A122EDB44600081CF7 /* Assets.xcassets in Resources */,
				861B439F22EDB44400081CF7 /* Main.storyboard in Resources */,
			);
			runOnlyForDeploymentPostprocessing = 0;
		};
/* End PBXResourcesBuildPhase section */

/* Begin PBXSourcesBuildPhase section */
		861B439222EDB44400081CF7 /* Sources */ = {
			isa = PBXSourcesBuildPhase;
			buildActionMask = 2147483647;
			files = (
				861D623522FBA6BA00C4CC26 /* ManagementTier.swift in Sources */,
				86344B802318A54600A07184 /* ProjectDataSource.swift in Sources */,
				861D621922FBA25D00C4CC26 /* HourlyEmployeeType.swift in Sources */,
				861D622122FBA3D200C4CC26 /* Discount.swift in Sources */,
				861D621E22FBA37D00C4CC26 /* EntrantInformation.swift in Sources */,
				861D621C22FBA2C900C4CC26 /* InformationError.swift in Sources */,
				861D622522FBA44700C4CC26 /* Pass.swift in Sources */,
				863D9DB8231BF6FA0060CB36 /* EntrantSubType.swift in Sources */,
				861D623122FBA61300C4CC26 /* FreeChildGuest.swift in Sources */,
				8626649323265F800076060F /* PassTesterViewController.swift in Sources */,
				866461A52324715C00051600 /* Field.swift in Sources */,
				866461A7232471B400051600 /* EntrantType.swift in Sources */,
				861B439C22EDB44400081CF7 /* ViewController.swift in Sources */,
				861D622F22FBA5F200C4CC26 /* VIPGuest.swift in Sources */,
				861B439A22EDB44400081CF7 /* AppDelegate.swift in Sources */,
				86BB27D7230D4BC200AF8802 /* Checkpoint.swift in Sources */,
				86C26DC52318A6D40042FA99 /* Contractor.swift in Sources */,
				861D622922FBA4DA00C4CC26 /* Entrant.swift in Sources */,
				8664B15C2315F7EF00654B61 /* TestManager.swift in Sources */,
				861D622B22FBA52300C4CC26 /* Area.swift in Sources */,
				86C26DC92318AAE60042FA99 /* SeasonPassGuest.swift in Sources */,
				861D622322FBA40B00C4CC26 /* RideAccessType.swift in Sources */,
				86C26DC72318A82D0042FA99 /* Vendor.swift in Sources */,
				863D9DB6231BF51E0060CB36 /* EntrantSubTypeButton.swift in Sources */,
				8655269F2327058900DFF66D /* PassType.swift in Sources */,
				86C26DC12318A6480042FA99 /* VendorCompanyDataSource.swift in Sources */,
				86C26DCB2318AB0D0042FA99 /* SeniorGuest.swift in Sources */,
				861D623322FBA66700C4CC26 /* HourlyEmployee.swift in Sources */,
				86C26DC32318A6890042FA99 /* VendorCompany.swift in Sources */,
				866461A32323CB8F00051600 /* Extensions.swift in Sources */,
				861D622D22FBA5B500C4CC26 /* ClassicGuest.swift in Sources */,
				86901F51231EFD2E001ECD69 /* PassanCodeTemp.swift in Sources */,
				861D623722FBA6E200C4CC26 /* Manager.swift in Sources */,
				86901F53231F2821001ECD69 /* InputValidation.swift in Sources */,
			);
			runOnlyForDeploymentPostprocessing = 0;
		};
/* End PBXSourcesBuildPhase section */

/* Begin PBXVariantGroup section */
		861B439D22EDB44400081CF7 /* Main.storyboard */ = {
			isa = PBXVariantGroup;
			children = (
				861B439E22EDB44400081CF7 /* Base */,
			);
			name = Main.storyboard;
			sourceTree = "<group>";
		};
		861B43A222EDB44600081CF7 /* LaunchScreen.storyboard */ = {
			isa = PBXVariantGroup;
			children = (
				861B43A322EDB44600081CF7 /* Base */,
			);
			name = LaunchScreen.storyboard;
			sourceTree = "<group>";
		};
/* End PBXVariantGroup section */

/* Begin XCBuildConfiguration section */
		861B43A622EDB44600081CF7 /* Debug */ = {
			isa = XCBuildConfiguration;
			buildSettings = {
				ALWAYS_SEARCH_USER_PATHS = NO;
				CLANG_ANALYZER_NONNULL = YES;
				CLANG_ANALYZER_NUMBER_OBJECT_CONVERSION = YES_AGGRESSIVE;
				CLANG_CXX_LANGUAGE_STANDARD = "gnu++14";
				CLANG_CXX_LIBRARY = "libc++";
				CLANG_ENABLE_MODULES = YES;
				CLANG_ENABLE_OBJC_ARC = YES;
				CLANG_ENABLE_OBJC_WEAK = YES;
				CLANG_WARN_BLOCK_CAPTURE_AUTORELEASING = YES;
				CLANG_WARN_BOOL_CONVERSION = YES;
				CLANG_WARN_COMMA = YES;
				CLANG_WARN_CONSTANT_CONVERSION = YES;
				CLANG_WARN_DEPRECATED_OBJC_IMPLEMENTATIONS = YES;
				CLANG_WARN_DIRECT_OBJC_ISA_USAGE = YES_ERROR;
				CLANG_WARN_DOCUMENTATION_COMMENTS = YES;
				CLANG_WARN_EMPTY_BODY = YES;
				CLANG_WARN_ENUM_CONVERSION = YES;
				CLANG_WARN_INFINITE_RECURSION = YES;
				CLANG_WARN_INT_CONVERSION = YES;
				CLANG_WARN_NON_LITERAL_NULL_CONVERSION = YES;
				CLANG_WARN_OBJC_IMPLICIT_RETAIN_SELF = YES;
				CLANG_WARN_OBJC_LITERAL_CONVERSION = YES;
				CLANG_WARN_OBJC_ROOT_CLASS = YES_ERROR;
				CLANG_WARN_RANGE_LOOP_ANALYSIS = YES;
				CLANG_WARN_STRICT_PROTOTYPES = YES;
				CLANG_WARN_SUSPICIOUS_MOVE = YES;
				CLANG_WARN_UNGUARDED_AVAILABILITY = YES_AGGRESSIVE;
				CLANG_WARN_UNREACHABLE_CODE = YES;
				CLANG_WARN__DUPLICATE_METHOD_MATCH = YES;
				CODE_SIGN_IDENTITY = "iPhone Developer";
				COPY_PHASE_STRIP = NO;
				DEBUG_INFORMATION_FORMAT = dwarf;
				ENABLE_STRICT_OBJC_MSGSEND = YES;
				ENABLE_TESTABILITY = YES;
				GCC_C_LANGUAGE_STANDARD = gnu11;
				GCC_DYNAMIC_NO_PIC = NO;
				GCC_NO_COMMON_BLOCKS = YES;
				GCC_OPTIMIZATION_LEVEL = 0;
				GCC_PREPROCESSOR_DEFINITIONS = (
					"DEBUG=1",
					"$(inherited)",
				);
				GCC_WARN_64_TO_32_BIT_CONVERSION = YES;
				GCC_WARN_ABOUT_RETURN_TYPE = YES_ERROR;
				GCC_WARN_UNDECLARED_SELECTOR = YES;
				GCC_WARN_UNINITIALIZED_AUTOS = YES_AGGRESSIVE;
				GCC_WARN_UNUSED_FUNCTION = YES;
				GCC_WARN_UNUSED_VARIABLE = YES;
				IPHONEOS_DEPLOYMENT_TARGET = 12.2;
				MTL_ENABLE_DEBUG_INFO = INCLUDE_SOURCE;
				MTL_FAST_MATH = YES;
				ONLY_ACTIVE_ARCH = YES;
				SDKROOT = iphoneos;
				SWIFT_ACTIVE_COMPILATION_CONDITIONS = DEBUG;
				SWIFT_OPTIMIZATION_LEVEL = "-Onone";
			};
			name = Debug;
		};
		861B43A722EDB44600081CF7 /* Release */ = {
			isa = XCBuildConfiguration;
			buildSettings = {
				ALWAYS_SEARCH_USER_PATHS = NO;
				CLANG_ANALYZER_NONNULL = YES;
				CLANG_ANALYZER_NUMBER_OBJECT_CONVERSION = YES_AGGRESSIVE;
				CLANG_CXX_LANGUAGE_STANDARD = "gnu++14";
				CLANG_CXX_LIBRARY = "libc++";
				CLANG_ENABLE_MODULES = YES;
				CLANG_ENABLE_OBJC_ARC = YES;
				CLANG_ENABLE_OBJC_WEAK = YES;
				CLANG_WARN_BLOCK_CAPTURE_AUTORELEASING = YES;
				CLANG_WARN_BOOL_CONVERSION = YES;
				CLANG_WARN_COMMA = YES;
				CLANG_WARN_CONSTANT_CONVERSION = YES;
				CLANG_WARN_DEPRECATED_OBJC_IMPLEMENTATIONS = YES;
				CLANG_WARN_DIRECT_OBJC_ISA_USAGE = YES_ERROR;
				CLANG_WARN_DOCUMENTATION_COMMENTS = YES;
				CLANG_WARN_EMPTY_BODY = YES;
				CLANG_WARN_ENUM_CONVERSION = YES;
				CLANG_WARN_INFINITE_RECURSION = YES;
				CLANG_WARN_INT_CONVERSION = YES;
				CLANG_WARN_NON_LITERAL_NULL_CONVERSION = YES;
				CLANG_WARN_OBJC_IMPLICIT_RETAIN_SELF = YES;
				CLANG_WARN_OBJC_LITERAL_CONVERSION = YES;
				CLANG_WARN_OBJC_ROOT_CLASS = YES_ERROR;
				CLANG_WARN_RANGE_LOOP_ANALYSIS = YES;
				CLANG_WARN_STRICT_PROTOTYPES = YES;
				CLANG_WARN_SUSPICIOUS_MOVE = YES;
				CLANG_WARN_UNGUARDED_AVAILABILITY = YES_AGGRESSIVE;
				CLANG_WARN_UNREACHABLE_CODE = YES;
				CLANG_WARN__DUPLICATE_METHOD_MATCH = YES;
				CODE_SIGN_IDENTITY = "iPhone Developer";
				COPY_PHASE_STRIP = NO;
				DEBUG_INFORMATION_FORMAT = "dwarf-with-dsym";
				ENABLE_NS_ASSERTIONS = NO;
				ENABLE_STRICT_OBJC_MSGSEND = YES;
				GCC_C_LANGUAGE_STANDARD = gnu11;
				GCC_NO_COMMON_BLOCKS = YES;
				GCC_WARN_64_TO_32_BIT_CONVERSION = YES;
				GCC_WARN_ABOUT_RETURN_TYPE = YES_ERROR;
				GCC_WARN_UNDECLARED_SELECTOR = YES;
				GCC_WARN_UNINITIALIZED_AUTOS = YES_AGGRESSIVE;
				GCC_WARN_UNUSED_FUNCTION = YES;
				GCC_WARN_UNUSED_VARIABLE = YES;
				IPHONEOS_DEPLOYMENT_TARGET = 12.2;
				MTL_ENABLE_DEBUG_INFO = NO;
				MTL_FAST_MATH = YES;
				SDKROOT = iphoneos;
				SWIFT_COMPILATION_MODE = wholemodule;
				SWIFT_OPTIMIZATION_LEVEL = "-O";
				VALIDATE_PRODUCT = YES;
			};
			name = Release;
		};
		861B43A922EDB44600081CF7 /* Debug */ = {
			isa = XCBuildConfiguration;
			buildSettings = {
				ASSETCATALOG_COMPILER_APPICON_NAME = AppIcon;
				CODE_SIGN_STYLE = Automatic;
				DEVELOPMENT_TEAM = JJ2D2HE2JS;
				INFOPLIST_FILE = AmusementParkPassGenerator/Info.plist;
				LD_RUNPATH_SEARCH_PATHS = (
					"$(inherited)",
					"@executable_path/Frameworks",
				);
				PRODUCT_BUNDLE_IDENTIFIER = "gavin.butler01-bigpond.com.AmusementParkPassGenerator";
				PRODUCT_NAME = "$(TARGET_NAME)";
				SWIFT_VERSION = 5.0;
				TARGETED_DEVICE_FAMILY = 2;
			};
			name = Debug;
		};
		861B43AA22EDB44600081CF7 /* Release */ = {
			isa = XCBuildConfiguration;
			buildSettings = {
				ASSETCATALOG_COMPILER_APPICON_NAME = AppIcon;
				CODE_SIGN_STYLE = Automatic;
				DEVELOPMENT_TEAM = JJ2D2HE2JS;
				INFOPLIST_FILE = AmusementParkPassGenerator/Info.plist;
				LD_RUNPATH_SEARCH_PATHS = (
					"$(inherited)",
					"@executable_path/Frameworks",
				);
				PRODUCT_BUNDLE_IDENTIFIER = "gavin.butler01-bigpond.com.AmusementParkPassGenerator";
				PRODUCT_NAME = "$(TARGET_NAME)";
				SWIFT_VERSION = 5.0;
				TARGETED_DEVICE_FAMILY = 2;
			};
			name = Release;
		};
/* End XCBuildConfiguration section */

/* Begin XCConfigurationList section */
		861B439122EDB44300081CF7 /* Build configuration list for PBXProject "AmusementParkPassGenerator" */ = {
			isa = XCConfigurationList;
			buildConfigurations = (
				861B43A622EDB44600081CF7 /* Debug */,
				861B43A722EDB44600081CF7 /* Release */,
			);
			defaultConfigurationIsVisible = 0;
			defaultConfigurationName = Release;
		};
		861B43A822EDB44600081CF7 /* Build configuration list for PBXNativeTarget "AmusementParkPassGenerator" */ = {
			isa = XCConfigurationList;
			buildConfigurations = (
				861B43A922EDB44600081CF7 /* Debug */,
				861B43AA22EDB44600081CF7 /* Release */,
			);
			defaultConfigurationIsVisible = 0;
			defaultConfigurationName = Release;
		};
/* End XCConfigurationList section */
	};
	rootObject = 861B438E22EDB44300081CF7 /* Project object */;
}
